
Microsoft Visual Studio Solution File, Format Version 12.00
# Visual Studio Version 17
VisualStudioVersion = 17.2.32526.322
MinimumVisualStudioVersion = 10.0.40219.1
Project("{FAE04EC0-301F-11D3-BF4B-00C04F79EFBC}") = "NightClubApi", "NightClubApi\NightClubApi.csproj", "{33B1722C-9DFF-4D7C-B235-6D670DF86A05}"
EndProject
Global
	GlobalSection(SolutionConfigurationPlatforms) = preSolution
		Debug|Any CPU = Debug|Any CPU
		Release|Any CPU = Release|Any CPU
	EndGlobalSection
	GlobalSection(ProjectConfigurationPlatforms) = postSolution
		{33B1722C-9DFF-4D7C-B235-6D670DF86A05}.Debug|Any CPU.ActiveCfg = Debug|Any CPU
		{33B1722C-9DFF-4D7C-B235-6D670DF86A05}.Debug|Any CPU.Build.0 = Debug|Any CPU
		{33B1722C-9DFF-4D7C-B235-6D670DF86A05}.Release|Any CPU.ActiveCfg = Release|Any CPU
		{33B1722C-9DFF-4D7C-B235-6D670DF86A05}.Release|Any CPU.Build.0 = Release|Any CPU
	EndGlobalSection
	GlobalSection(SolutionProperties) = preSolution
		HideSolutionNode = FALSE
	EndGlobalSection
	GlobalSection(ExtensibilityGlobals) = postSolution
		SolutionGuid = {05BB9466-6AC6-4E00-9711-EDF114C4B97A}
	EndGlobalSection
EndGlobal
